
Microsoft Visual Studio Solution File, Format Version 12.00
# Visual Studio Version 16
VisualStudioVersion = 16.0.30413.136
MinimumVisualStudioVersion = 10.0.40219.1
Project("{FAE04EC0-301F-11D3-BF4B-00C04F79EFBC}") = "Project powered number", "Project powered number\Project powered number.csproj", "{A56A3D68-D2A0-46EF-8365-F38966B9F46E}"
EndProject
Global
	GlobalSection(SolutionConfigurationPlatforms) = preSolution
		Debug|Any CPU = Debug|Any CPU
		Release|Any CPU = Release|Any CPU
	EndGlobalSection
	GlobalSection(ProjectConfigurationPlatforms) = postSolution
		{A56A3D68-D2A0-46EF-8365-F38966B9F46E}.Debug|Any CPU.ActiveCfg = Debug|Any CPU
		{A56A3D68-D2A0-46EF-8365-F38966B9F46E}.Debug|Any CPU.Build.0 = Debug|Any CPU
		{A56A3D68-D2A0-46EF-8365-F38966B9F46E}.Release|Any CPU.ActiveCfg = Release|Any CPU
		{A56A3D68-D2A0-46EF-8365-F38966B9F46E}.Release|Any CPU.Build.0 = Release|Any CPU
	EndGlobalSection
	GlobalSection(SolutionProperties) = preSolution
		HideSolutionNode = FALSE
	EndGlobalSection
	GlobalSection(ExtensibilityGlobals) = postSolution
		SolutionGuid = {4AA32D2B-BBC5-40F9-9BEE-7570DAF14320}
	EndGlobalSection
EndGlobal
